
Microsoft Visual Studio Solution File, Format Version 12.00
# Visual Studio 15
VisualStudioVersion = 15.0.28010.2050
MinimumVisualStudioVersion = 10.0.40219.1
Project("{9A19103F-16F7-4668-BE54-9A1E7A4F7556}") = "ImageResize", "ImageResize\ImageResize.csproj", "{04BCBC92-7A8D-488C-A7DE-D70BE500B492}"
EndProject
Global
	GlobalSection(SolutionConfigurationPlatforms) = preSolution
		Debug|Any CPU = Debug|Any CPU
		Release|Any CPU = Release|Any CPU
	EndGlobalSection
	GlobalSection(ProjectConfigurationPlatforms) = postSolution
		{04BCBC92-7A8D-488C-A7DE-D70BE500B492}.Debug|Any CPU.ActiveCfg = Debug|Any CPU
		{04BCBC92-7A8D-488C-A7DE-D70BE500B492}.Debug|Any CPU.Build.0 = Debug|Any CPU
		{04BCBC92-7A8D-488C-A7DE-D70BE500B492}.Release|Any CPU.ActiveCfg = Release|Any CPU
		{04BCBC92-7A8D-488C-A7DE-D70BE500B492}.Release|Any CPU.Build.0 = Release|Any CPU
	EndGlobalSection
	GlobalSection(SolutionProperties) = preSolution
		HideSolutionNode = FALSE
	EndGlobalSection
	GlobalSection(ExtensibilityGlobals) = postSolution
		SolutionGuid = {DF6E82C0-D3AF-4AA8-921E-543109095E81}
	EndGlobalSection
EndGlobal
