
Microsoft Visual Studio Solution File, Format Version 12.00
# Visual Studio 15
VisualStudioVersion = 15.0.28010.2050
MinimumVisualStudioVersion = 10.0.40219.1
Project("{FAE04EC0-301F-11D3-BF4B-00C04F79EFBC}") = "ImageResize", "ImageResize\ImageResize.csproj", "{A9EED1F2-6593-4BB3-8114-8F55ACE0E719}"
EndProject
Global
	GlobalSection(SolutionConfigurationPlatforms) = preSolution
		Debug|Any CPU = Debug|Any CPU
		Release|Any CPU = Release|Any CPU
	EndGlobalSection
	GlobalSection(ProjectConfigurationPlatforms) = postSolution
		{A9EED1F2-6593-4BB3-8114-8F55ACE0E719}.Debug|Any CPU.ActiveCfg = Debug|Any CPU
		{A9EED1F2-6593-4BB3-8114-8F55ACE0E719}.Debug|Any CPU.Build.0 = Debug|Any CPU
		{A9EED1F2-6593-4BB3-8114-8F55ACE0E719}.Release|Any CPU.ActiveCfg = Release|Any CPU
		{A9EED1F2-6593-4BB3-8114-8F55ACE0E719}.Release|Any CPU.Build.0 = Release|Any CPU
	EndGlobalSection
	GlobalSection(SolutionProperties) = preSolution
		HideSolutionNode = FALSE
	EndGlobalSection
	GlobalSection(ExtensibilityGlobals) = postSolution
		SolutionGuid = {DF6E82C0-D3AF-4AA8-921E-543109095E81}
	EndGlobalSection
EndGlobal
